# This is a Gradle generated file for dependency locking.
# Manual edits can break the build and are not advised.
# This file is expected to be part of source control.
io.atlassian.util.concurrent:atlassian-util-concurrent:4.0.1
net.jcip:jcip-annotations:1.0
org.apache.commons:commons-lang3:3.11
org.checkerframework:checker-qual:3.5.0
org.postgresql:postgresql:42.2.18
