# This is a Gradle generated file for dependency locking.
# Manual edits can break the build and are not advised.
# This file is expected to be part of source control.
com.fasterxml.jackson.core:jackson-annotations:2.10.3
com.fasterxml.jackson.core:jackson-core:2.10.3
com.fasterxml.jackson.core:jackson-databind:2.10.3
com.github.docker-java:docker-java-api:3.2.6
com.github.docker-java:docker-java-core:3.2.6
com.github.docker-java:docker-java-transport-httpclient5:3.2.6
com.github.docker-java:docker-java-transport:3.2.6
com.google.guava:guava:19.0
commons-codec:commons-codec:1.13
commons-io:commons-io:2.6
commons-lang:commons-lang:2.6
net.bytebuddy:byte-buddy-agent:1.11.1
net.bytebuddy:byte-buddy:1.11.1
net.java.dev.jna:jna:5.5.0
org.apache.commons:commons-compress:1.20
org.apache.httpcomponents.client5:httpclient5:5.0
org.apache.httpcomponents.core5:httpcore5:5.0
org.apiguardian:apiguardian-api:1.1.0
org.assertj:assertj-core:3.19.0
org.bouncycastle:bcpkix-jdk15on:1.64
org.bouncycastle:bcprov-jdk15on:1.64
org.junit.jupiter:junit-jupiter-api:5.7.2
org.junit.jupiter:junit-jupiter-params:5.7.2
org.junit.jupiter:junit-jupiter:5.7.2
org.junit.platform:junit-platform-commons:1.7.2
org.junit:junit-bom:5.7.2
org.mockito:mockito-core:3.11.0
org.objenesis:objenesis:3.2
org.opentest4j:opentest4j:1.2.0
org.postgresql:postgresql:42.2.18
org.slf4j:slf4j-api:1.7.30
org.threeten:threeten-extra:1.5.0
